// !$*UTF8*$!
{
	archiveVersion = 1;
	classes = {
	};
	objectVersion = 51;
	objects = {

/* Begin PBXBuildFile section */
		AB69578801624915E8E90DC0 /* Pods_AppFarmacia_proyectodamii.framework in Frameworks */ = {isa = PBXBuildFile; fileRef = 073B3F1381D3AFE101B722A6 /* Pods_AppFarmacia_proyectodamii.framework */; };
		E6408EF6275685C5008CDE01 /* AppDelegate.swift in Sources */ = {isa = PBXBuildFile; fileRef = E6408EF5275685C5008CDE01 /* AppDelegate.swift */; };
		E6408EF8275685C5008CDE01 /* AuthViewController.swift in Sources */ = {isa = PBXBuildFile; fileRef = E6408EF7275685C5008CDE01 /* AuthViewController.swift */; };
		E6408EFB275685C5008CDE01 /* Main.storyboard in Resources */ = {isa = PBXBuildFile; fileRef = E6408EF9275685C5008CDE01 /* Main.storyboard */; };
		E6408EFD275685C7008CDE01 /* Assets.xcassets in Resources */ = {isa = PBXBuildFile; fileRef = E6408EFC275685C7008CDE01 /* Assets.xcassets */; };
		E6408F00275685C7008CDE01 /* LaunchScreen.storyboard in Resources */ = {isa = PBXBuildFile; fileRef = E6408EFE275685C7008CDE01 /* LaunchScreen.storyboard */; };
		E6ADFBEA2756C87000050E91 /* ProfileViewController.swift in Sources */ = {isa = PBXBuildFile; fileRef = E6ADFBE92756C87000050E91 /* ProfileViewController.swift */; };
		E6ADFBEC2756EA1E00050E91 /* HomeViewController.swift in Sources */ = {isa = PBXBuildFile; fileRef = E6ADFBEB2756EA1E00050E91 /* HomeViewController.swift */; };
		E6ADFBEE2756FFAE00050E91 /* GoogleService-Info.plist in Resources */ = {isa = PBXBuildFile; fileRef = E6ADFBED2756FFAE00050E91 /* GoogleService-Info.plist */; };
/* End PBXBuildFile section */

/* Begin PBXFileReference section */
		073B3F1381D3AFE101B722A6 /* Pods_AppFarmacia_proyectodamii.framework */ = {isa = PBXFileReference; explicitFileType = wrapper.framework; includeInIndex = 0; path = Pods_AppFarmacia_proyectodamii.framework; sourceTree = BUILT_PRODUCTS_DIR; };
		939097511F0F2C41C8D55A6F /* Pods-AppFarmacia_proyectodamii.debug.xcconfig */ = {isa = PBXFileReference; includeInIndex = 1; lastKnownFileType = text.xcconfig; name = "Pods-AppFarmacia_proyectodamii.debug.xcconfig"; path = "Target Support Files/Pods-AppFarmacia_proyectodamii/Pods-AppFarmacia_proyectodamii.debug.xcconfig"; sourceTree = "<group>"; };
		E6408EF2275685C5008CDE01 /* AppFarmacia_proyectodamii.app */ = {isa = PBXFileReference; explicitFileType = wrapper.application; includeInIndex = 0; path = AppFarmacia_proyectodamii.app; sourceTree = BUILT_PRODUCTS_DIR; };
		E6408EF5275685C5008CDE01 /* AppDelegate.swift */ = {isa = PBXFileReference; lastKnownFileType = sourcecode.swift; path = AppDelegate.swift; sourceTree = "<group>"; };
		E6408EF7275685C5008CDE01 /* AuthViewController.swift */ = {isa = PBXFileReference; lastKnownFileType = sourcecode.swift; path = AuthViewController.swift; sourceTree = "<group>"; };
		E6408EFA275685C5008CDE01 /* Base */ = {isa = PBXFileReference; lastKnownFileType = file.storyboard; name = Base; path = Base.lproj/Main.storyboard; sourceTree = "<group>"; };
		E6408EFC275685C7008CDE01 /* Assets.xcassets */ = {isa = PBXFileReference; lastKnownFileType = folder.assetcatalog; path = Assets.xcassets; sourceTree = "<group>"; };
		E6408EFF275685C7008CDE01 /* Base */ = {isa = PBXFileReference; lastKnownFileType = file.storyboard; name = Base; path = Base.lproj/LaunchScreen.storyboard; sourceTree = "<group>"; };
		E6408F01275685C7008CDE01 /* Info.plist */ = {isa = PBXFileReference; lastKnownFileType = text.plist.xml; path = Info.plist; sourceTree = "<group>"; };
		E6ADFBE92756C87000050E91 /* ProfileViewController.swift */ = {isa = PBXFileReference; lastKnownFileType = sourcecode.swift; path = ProfileViewController.swift; sourceTree = "<group>"; };
		E6ADFBEB2756EA1E00050E91 /* HomeViewController.swift */ = {isa = PBXFileReference; lastKnownFileType = sourcecode.swift; path = HomeViewController.swift; sourceTree = "<group>"; };
		E6ADFBED2756FFAE00050E91 /* GoogleService-Info.plist */ = {isa = PBXFileReference; fileEncoding = 4; lastKnownFileType = text.plist.xml; path = "GoogleService-Info.plist"; sourceTree = "<group>"; };
		FAD91F8AA23E746E4D5ECAF5 /* Pods-AppFarmacia_proyectodamii.release.xcconfig */ = {isa = PBXFileReference; includeInIndex = 1; lastKnownFileType = text.xcconfig; name = "Pods-AppFarmacia_proyectodamii.release.xcconfig"; path = "Target Support Files/Pods-AppFarmacia_proyectodamii/Pods-AppFarmacia_proyectodamii.release.xcconfig"; sourceTree = "<group>"; };
/* End PBXFileReference section */

/* Begin PBXFrameworksBuildPhase section */
		E6408EEF275685C5008CDE01 /* Frameworks */ = {
			isa = PBXFrameworksBuildPhase;
			buildActionMask = 2147483647;
			files = (
				AB69578801624915E8E90DC0 /* Pods_AppFarmacia_proyectodamii.framework in Frameworks */,
			);
			runOnlyForDeploymentPostprocessing = 0;
		};
/* End PBXFrameworksBuildPhase section */

/* Begin PBXGroup section */
		138D18404CC4DF5FFFDD53D4 /* Frameworks */ = {
			isa = PBXGroup;
			children = (
				073B3F1381D3AFE101B722A6 /* Pods_AppFarmacia_proyectodamii.framework */,
			);
			name = Frameworks;
			sourceTree = "<group>";
		};
		72633275286951A534885699 /* Pods */ = {
			isa = PBXGroup;
			children = (
				939097511F0F2C41C8D55A6F /* Pods-AppFarmacia_proyectodamii.debug.xcconfig */,
				FAD91F8AA23E746E4D5ECAF5 /* Pods-AppFarmacia_proyectodamii.release.xcconfig */,
			);
			path = Pods;
			sourceTree = "<group>";
		};
		E6408EE9275685C5008CDE01 = {
			isa = PBXGroup;
			children = (
				E6408EF4275685C5008CDE01 /* AppFarmacia_proyectodamii */,
				E6408EF3275685C5008CDE01 /* Products */,
				72633275286951A534885699 /* Pods */,
				138D18404CC4DF5FFFDD53D4 /* Frameworks */,
			);
			sourceTree = "<group>";
		};
		E6408EF3275685C5008CDE01 /* Products */ = {
			isa = PBXGroup;
			children = (
				E6408EF2275685C5008CDE01 /* AppFarmacia_proyectodamii.app */,
			);
			name = Products;
			sourceTree = "<group>";
		};
		E6408EF4275685C5008CDE01 /* AppFarmacia_proyectodamii */ = {
			isa = PBXGroup;
			children = (
				E6408EF5275685C5008CDE01 /* AppDelegate.swift */,
				E6408EF7275685C5008CDE01 /* AuthViewController.swift */,
				E6408EF9275685C5008CDE01 /* Main.storyboard */,
				E6408EFC275685C7008CDE01 /* Assets.xcassets */,
				E6408EFE275685C7008CDE01 /* LaunchScreen.storyboard */,
				E6408F01275685C7008CDE01 /* Info.plist */,
				E6ADFBE92756C87000050E91 /* ProfileViewController.swift */,
				E6ADFBEB2756EA1E00050E91 /* HomeViewController.swift */,
				E6ADFBED2756FFAE00050E91 /* GoogleService-Info.plist */,
			);
			path = AppFarmacia_proyectodamii;
			sourceTree = "<group>";
		};
/* End PBXGroup section */

/* Begin PBXNativeTarget section */
		E6408EF1275685C5008CDE01 /* AppFarmacia_proyectodamii */ = {
			isa = PBXNativeTarget;
			buildConfigurationList = E6408F04275685C7008CDE01 /* Build configuration list for PBXNativeTarget "AppFarmacia_proyectodamii" */;
			buildPhases = (
				E3241A92FE3904E5D77EDD36 /* [CP] Check Pods Manifest.lock */,
				E6408EEE275685C5008CDE01 /* Sources */,
				E6408EEF275685C5008CDE01 /* Frameworks */,
				E6408EF0275685C5008CDE01 /* Resources */,
				10D66998B61FF1DE63327211 /* [CP] Embed Pods Frameworks */,
			);
			buildRules = (
			);
			dependencies = (
			);
			name = AppFarmacia_proyectodamii;
			productName = AppFarmacia_proyectodamii;
			productReference = E6408EF2275685C5008CDE01 /* AppFarmacia_proyectodamii.app */;
			productType = "com.apple.product-type.application";
		};
/* End PBXNativeTarget section */

/* Begin PBXProject section */
		E6408EEA275685C5008CDE01 /* Project object */ = {
			isa = PBXProject;
			attributes = {
				LastSwiftUpdateCheck = 1000;
				LastUpgradeCheck = 1000;
				ORGANIZATIONNAME = RaulMacOS;
				TargetAttributes = {
					E6408EF1275685C5008CDE01 = {
						CreatedOnToolsVersion = 10.0;
					};
				};
			};
			buildConfigurationList = E6408EED275685C5008CDE01 /* Build configuration list for PBXProject "AppFarmacia_proyectodamii" */;
			compatibilityVersion = "Xcode 9.3";
			developmentRegion = en;
			hasScannedForEncodings = 0;
			knownRegions = (
				en,
				Base,
			);
			mainGroup = E6408EE9275685C5008CDE01;
			productRefGroup = E6408EF3275685C5008CDE01 /* Products */;
			projectDirPath = "";
			projectRoot = "";
			targets = (
				E6408EF1275685C5008CDE01 /* AppFarmacia_proyectodamii */,
			);
		};
/* End PBXProject section */

/* Begin PBXResourcesBuildPhase section */
		E6408EF0275685C5008CDE01 /* Resources */ = {
			isa = PBXResourcesBuildPhase;
			buildActionMask = 2147483647;
			files = (
				E6408F00275685C7008CDE01 /* LaunchScreen.storyboard in Resources */,
				E6ADFBEE2756FFAE00050E91 /* GoogleService-Info.plist in Resources */,
				E6408EFD275685C7008CDE01 /* Assets.xcassets in Resources */,
				E6408EFB275685C5008CDE01 /* Main.storyboard in Resources */,
			);
			runOnlyForDeploymentPostprocessing = 0;
		};
/* End PBXResourcesBuildPhase section */

/* Begin PBXShellScriptBuildPhase section */
		10D66998B61FF1DE63327211 /* [CP] Embed Pods Frameworks */ = {
			isa = PBXShellScriptBuildPhase;
			buildActionMask = 2147483647;
			files = (
			);
			inputFileListPaths = (
				"${PODS_ROOT}/Target Support Files/Pods-AppFarmacia_proyectodamii/Pods-AppFarmacia_proyectodamii-frameworks-${CONFIGURATION}-input-files.xcfilelist",
			);
			name = "[CP] Embed Pods Frameworks";
			outputFileListPaths = (
				"${PODS_ROOT}/Target Support Files/Pods-AppFarmacia_proyectodamii/Pods-AppFarmacia_proyectodamii-frameworks-${CONFIGURATION}-output-files.xcfilelist",
			);
			runOnlyForDeploymentPostprocessing = 0;
			shellPath = /bin/sh;
			shellScript = "\"${PODS_ROOT}/Target Support Files/Pods-AppFarmacia_proyectodamii/Pods-AppFarmacia_proyectodamii-frameworks.sh\"\n";
			showEnvVarsInLog = 0;
		};
		E3241A92FE3904E5D77EDD36 /* [CP] Check Pods Manifest.lock */ = {
			isa = PBXShellScriptBuildPhase;
			buildActionMask = 2147483647;
			files = (
			);
			inputFileListPaths = (
			);
			inputPaths = (
				"${PODS_PODFILE_DIR_PATH}/Podfile.lock",
				"${PODS_ROOT}/Manifest.lock",
			);
			name = "[CP] Check Pods Manifest.lock";
			outputFileListPaths = (
			);
			outputPaths = (
				"$(DERIVED_FILE_DIR)/Pods-AppFarmacia_proyectodamii-checkManifestLockResult.txt",
			);
			runOnlyForDeploymentPostprocessing = 0;
			shellPath = /bin/sh;
			shellScript = "diff \"${PODS_PODFILE_DIR_PATH}/Podfile.lock\" \"${PODS_ROOT}/Manifest.lock\" > /dev/null\nif [ $? != 0 ] ; then\n    # print error to STDERR\n    echo \"error: The sandbox is not in sync with the Podfile.lock. Run 'pod install' or update your CocoaPods installation.\" >&2\n    exit 1\nfi\n# This output is used by Xcode 'outputs' to avoid re-running this script phase.\necho \"SUCCESS\" > \"${SCRIPT_OUTPUT_FILE_0}\"\n";
			showEnvVarsInLog = 0;
		};
/* End PBXShellScriptBuildPhase section */

/* Begin PBXSourcesBuildPhase section */
		E6408EEE275685C5008CDE01 /* Sources */ = {
			isa = PBXSourcesBuildPhase;
			buildActionMask = 2147483647;
			files = (
				E6ADFBEA2756C87000050E91 /* ProfileViewController.swift in Sources */,
				E6408EF8275685C5008CDE01 /* AuthViewController.swift in Sources */,
				E6408EF6275685C5008CDE01 /* AppDelegate.swift in Sources */,
				E6ADFBEC2756EA1E00050E91 /* HomeViewController.swift in Sources */,
			);
			runOnlyForDeploymentPostprocessing = 0;
		};
/* End PBXSourcesBuildPhase section */

/* Begin PBXVariantGroup section */
		E6408EF9275685C5008CDE01 /* Main.storyboard */ = {
			isa = PBXVariantGroup;
			children = (
				E6408EFA275685C5008CDE01 /* Base */,
			);
			name = Main.storyboard;
			sourceTree = "<group>";
		};
		E6408EFE275685C7008CDE01 /* LaunchScreen.storyboard */ = {
			isa = PBXVariantGroup;
			children = (
				E6408EFF275685C7008CDE01 /* Base */,
			);
			name = LaunchScreen.storyboard;
			sourceTree = "<group>";
		};
/* End PBXVariantGroup section */

/* Begin XCBuildConfiguration section */
		E6408F02275685C7008CDE01 /* Debug */ = {
			isa = XCBuildConfiguration;
			buildSettings = {
				ALWAYS_SEARCH_USER_PATHS = NO;
				CLANG_ANALYZER_NONNULL = YES;
				CLANG_ANALYZER_NUMBER_OBJECT_CONVERSION = YES_AGGRESSIVE;
				CLANG_CXX_LANGUAGE_STANDARD = "gnu++14";
				CLANG_CXX_LIBRARY = "libc++";
				CLANG_ENABLE_MODULES = YES;
				CLANG_ENABLE_OBJC_ARC = YES;
				CLANG_ENABLE_OBJC_WEAK = YES;
				CLANG_WARN_BLOCK_CAPTURE_AUTORELEASING = YES;
				CLANG_WARN_BOOL_CONVERSION = YES;
				CLANG_WARN_COMMA = YES;
				CLANG_WARN_CONSTANT_CONVERSION = YES;
				CLANG_WARN_DEPRECATED_OBJC_IMPLEMENTATIONS = YES;
				CLANG_WARN_DIRECT_OBJC_ISA_USAGE = YES_ERROR;
				CLANG_WARN_DOCUMENTATION_COMMENTS = YES;
				CLANG_WARN_EMPTY_BODY = YES;
				CLANG_WARN_ENUM_CONVERSION = YES;
				CLANG_WARN_INFINITE_RECURSION = YES;
				CLANG_WARN_INT_CONVERSION = YES;
				CLANG_WARN_NON_LITERAL_NULL_CONVERSION = YES;
				CLANG_WARN_OBJC_IMPLICIT_RETAIN_SELF = YES;
				CLANG_WARN_OBJC_LITERAL_CONVERSION = YES;
				CLANG_WARN_OBJC_ROOT_CLASS = YES_ERROR;
				CLANG_WARN_RANGE_LOOP_ANALYSIS = YES;
				CLANG_WARN_STRICT_PROTOTYPES = YES;
				CLANG_WARN_SUSPICIOUS_MOVE = YES;
				CLANG_WARN_UNGUARDED_AVAILABILITY = YES_AGGRESSIVE;
				CLANG_WARN_UNREACHABLE_CODE = YES;
				CLANG_WARN__DUPLICATE_METHOD_MATCH = YES;
				CODE_SIGN_IDENTITY = "iPhone Developer";
				COPY_PHASE_STRIP = NO;
				DEBUG_INFORMATION_FORMAT = dwarf;
				ENABLE_STRICT_OBJC_MSGSEND = YES;
				ENABLE_TESTABILITY = YES;
				GCC_C_LANGUAGE_STANDARD = gnu11;
				GCC_DYNAMIC_NO_PIC = NO;
				GCC_NO_COMMON_BLOCKS = YES;
				GCC_OPTIMIZATION_LEVEL = 0;
				GCC_PREPROCESSOR_DEFINITIONS = (
					"DEBUG=1",
					"$(inherited)",
				);
				GCC_WARN_64_TO_32_BIT_CONVERSION = YES;
				GCC_WARN_ABOUT_RETURN_TYPE = YES_ERROR;
				GCC_WARN_UNDECLARED_SELECTOR = YES;
				GCC_WARN_UNINITIALIZED_AUTOS = YES_AGGRESSIVE;
				GCC_WARN_UNUSED_FUNCTION = YES;
				GCC_WARN_UNUSED_VARIABLE = YES;
				IPHONEOS_DEPLOYMENT_TARGET = 12.0;
				MTL_ENABLE_DEBUG_INFO = INCLUDE_SOURCE;
				MTL_FAST_MATH = YES;
				ONLY_ACTIVE_ARCH = YES;
				SDKROOT = iphoneos;
				SWIFT_ACTIVE_COMPILATION_CONDITIONS = DEBUG;
				SWIFT_OPTIMIZATION_LEVEL = "-Onone";
			};
			name = Debug;
		};
		E6408F03275685C7008CDE01 /* Release */ = {
			isa = XCBuildConfiguration;
			buildSettings = {
				ALWAYS_SEARCH_USER_PATHS = NO;
				CLANG_ANALYZER_NONNULL = YES;
				CLANG_ANALYZER_NUMBER_OBJECT_CONVERSION = YES_AGGRESSIVE;
				CLANG_CXX_LANGUAGE_STANDARD = "gnu++14";
				CLANG_CXX_LIBRARY = "libc++";
				CLANG_ENABLE_MODULES = YES;
				CLANG_ENABLE_OBJC_ARC = YES;
				CLANG_ENABLE_OBJC_WEAK = YES;
				CLANG_WARN_BLOCK_CAPTURE_AUTORELEASING = YES;
				CLANG_WARN_BOOL_CONVERSION = YES;
				CLANG_WARN_COMMA = YES;
				CLANG_WARN_CONSTANT_CONVERSION = YES;
				CLANG_WARN_DEPRECATED_OBJC_IMPLEMENTATIONS = YES;
				CLANG_WARN_DIRECT_OBJC_ISA_USAGE = YES_ERROR;
				CLANG_WARN_DOCUMENTATION_COMMENTS = YES;
				CLANG_WARN_EMPTY_BODY = YES;
				CLANG_WARN_ENUM_CONVERSION = YES;
				CLANG_WARN_INFINITE_RECURSION = YES;
				CLANG_WARN_INT_CONVERSION = YES;
				CLANG_WARN_NON_LITERAL_NULL_CONVERSION = YES;
				CLANG_WARN_OBJC_IMPLICIT_RETAIN_SELF = YES;
				CLANG_WARN_OBJC_LITERAL_CONVERSION = YES;
				CLANG_WARN_OBJC_ROOT_CLASS = YES_ERROR;
				CLANG_WARN_RANGE_LOOP_ANALYSIS = YES;
				CLANG_WARN_STRICT_PROTOTYPES = YES;
				CLANG_WARN_SUSPICIOUS_MOVE = YES;
				CLANG_WARN_UNGUARDED_AVAILABILITY = YES_AGGRESSIVE;
				CLANG_WARN_UNREACHABLE_CODE = YES;
				CLANG_WARN__DUPLICATE_METHOD_MATCH = YES;
				CODE_SIGN_IDENTITY = "iPhone Developer";
				COPY_PHASE_STRIP = NO;
				DEBUG_INFORMATION_FORMAT = "dwarf-with-dsym";
				ENABLE_NS_ASSERTIONS = NO;
				ENABLE_STRICT_OBJC_MSGSEND = YES;
				GCC_C_LANGUAGE_STANDARD = gnu11;
				GCC_NO_COMMON_BLOCKS = YES;
				GCC_WARN_64_TO_32_BIT_CONVERSION = YES;
				GCC_WARN_ABOUT_RETURN_TYPE = YES_ERROR;
				GCC_WARN_UNDECLARED_SELECTOR = YES;
				GCC_WARN_UNINITIALIZED_AUTOS = YES_AGGRESSIVE;
				GCC_WARN_UNUSED_FUNCTION = YES;
				GCC_WARN_UNUSED_VARIABLE = YES;
				IPHONEOS_DEPLOYMENT_TARGET = 12.0;
				MTL_ENABLE_DEBUG_INFO = NO;
				MTL_FAST_MATH = YES;
				SDKROOT = iphoneos;
				SWIFT_COMPILATION_MODE = wholemodule;
				SWIFT_OPTIMIZATION_LEVEL = "-O";
				VALIDATE_PRODUCT = YES;
			};
			name = Release;
		};
		E6408F05275685C7008CDE01 /* Debug */ = {
			isa = XCBuildConfiguration;
			baseConfigurationReference = 939097511F0F2C41C8D55A6F /* Pods-AppFarmacia_proyectodamii.debug.xcconfig */;
			buildSettings = {
				ASSETCATALOG_COMPILER_APPICON_NAME = AppIcon;
				CODE_SIGN_STYLE = Automatic;
				INFOPLIST_FILE = AppFarmacia_proyectodamii/Info.plist;
				LD_RUNPATH_SEARCH_PATHS = (
					"$(inherited)",
					"@executable_path/Frameworks",
				);
				PRODUCT_BUNDLE_IDENTIFIER = "com.cibertec.AppFarmacia-proyectodamii";
				PRODUCT_NAME = "$(TARGET_NAME)";
				SWIFT_VERSION = 4.2;
				TARGETED_DEVICE_FAMILY = "1,2";
			};
			name = Debug;
		};
		E6408F06275685C7008CDE01 /* Release */ = {
			isa = XCBuildConfiguration;
			baseConfigurationReference = FAD91F8AA23E746E4D5ECAF5 /* Pods-AppFarmacia_proyectodamii.release.xcconfig */;
			buildSettings = {
				ASSETCATALOG_COMPILER_APPICON_NAME = AppIcon;
				CODE_SIGN_STYLE = Automatic;
				INFOPLIST_FILE = AppFarmacia_proyectodamii/Info.plist;
				LD_RUNPATH_SEARCH_PATHS = (
					"$(inherited)",
					"@executable_path/Frameworks",
				);
				PRODUCT_BUNDLE_IDENTIFIER = "com.cibertec.AppFarmacia-proyectodamii";
				PRODUCT_NAME = "$(TARGET_NAME)";
				SWIFT_VERSION = 4.2;
				TARGETED_DEVICE_FAMILY = "1,2";
			};
			name = Release;
		};
/* End XCBuildConfiguration section */

/* Begin XCConfigurationList section */
		E6408EED275685C5008CDE01 /* Build configuration list for PBXProject "AppFarmacia_proyectodamii" */ = {
			isa = XCConfigurationList;
			buildConfigurations = (
				E6408F02275685C7008CDE01 /* Debug */,
				E6408F03275685C7008CDE01 /* Release */,
			);
			defaultConfigurationIsVisible = 0;
			defaultConfigurationName = Release;
		};
		E6408F04275685C7008CDE01 /* Build configuration list for PBXNativeTarget "AppFarmacia_proyectodamii" */ = {
			isa = XCConfigurationList;
			buildConfigurations = (
				E6408F05275685C7008CDE01 /* Debug */,
				E6408F06275685C7008CDE01 /* Release */,
			);
			defaultConfigurationIsVisible = 0;
			defaultConfigurationName = Release;
		};
/* End XCConfigurationList section */
	};
	rootObject = E6408EEA275685C5008CDE01 /* Project object */;
}
